
Microsoft Visual Studio Solution File, Format Version 12.00
# Visual Studio Version 17
VisualStudioVersion = 17.13.35919.96
MinimumVisualStudioVersion = 10.0.40219.1
Project("{FAE04EC0-301F-11D3-BF4B-00C04F79EFBC}") = "Web.API", "Web.API\Web.API.csproj", "{09D27F17-C9F4-4952-B4C2-56528F883DCD}"
EndProject
Project("{FAE04EC0-301F-11D3-BF4B-00C04F79EFBC}") = "AppHost", "AppHost\AppHost.csproj", "{2CAE08B4-9F73-41CC-88A1-20F3BB860C5B}"
	ProjectSection(ProjectDependencies) = postProject
		{75F1C5C8-605C-4F53-9E49-E7FC62FD339A} = {75F1C5C8-605C-4F53-9E49-E7FC62FD339A}
		{9C37B87F-8C6A-45CA-985A-49A39AE01FE3} = {9C37B87F-8C6A-45CA-985A-49A39AE01FE3}
		{F4F296DC-71DB-4854-A4A2-4BA0B94BB074} = {F4F296DC-71DB-4854-A4A2-4BA0B94BB074}
	EndProjectSection
EndProject
Project("{FAE04EC0-301F-11D3-BF4B-00C04F79EFBC}") = "ServiceDefaults", "ServiceDefaults\ServiceDefaults.csproj", "{C6E00B8F-98C3-4136-92E3-B59273F0C90F}"
EndProject
Project("{FAE04EC0-301F-11D3-BF4B-00C04F79EFBC}") = "Application", "Application\Application.csproj", "{F4F296DC-71DB-4854-A4A2-4BA0B94BB074}"
EndProject
Project("{FAE04EC0-301F-11D3-BF4B-00C04F79EFBC}") = "Domain", "Domain\Domain.csproj", "{9C37B87F-8C6A-45CA-985A-49A39AE01FE3}"
EndProject
Project("{FAE04EC0-301F-11D3-BF4B-00C04F79EFBC}") = "Infrastructure", "Infrastructure\Infrastructure.csproj", "{75F1C5C8-605C-4F53-9E49-E7FC62FD339A}"
EndProject
Project("{2150E333-8FDC-42A3-9474-1A3956D46DE8}") = "src", "src", "{DBBFC5BF-6644-418E-9C56-F1B75C25C293}"
EndProject
Project("{2150E333-8FDC-42A3-9474-1A3956D46DE8}") = "tests", "tests", "{02EA681E-C7D8-13C7-8484-4AC65E1B71E8}"
EndProject
Project("{FAE04EC0-301F-11D3-BF4B-00C04F79EFBC}") = "FitnessFunctions", "ArchitectureTests\FitnessFunctions.csproj", "{BED640C1-5FDF-4BF7-9E09-3DA60BB11120}"
EndProject
Global
	GlobalSection(SolutionConfigurationPlatforms) = preSolution
		Debug|Any CPU = Debug|Any CPU
		Release|Any CPU = Release|Any CPU
	EndGlobalSection
	GlobalSection(ProjectConfigurationPlatforms) = postSolution
		{09D27F17-C9F4-4952-B4C2-56528F883DCD}.Debug|Any CPU.ActiveCfg = Debug|Any CPU
		{09D27F17-C9F4-4952-B4C2-56528F883DCD}.Debug|Any CPU.Build.0 = Debug|Any CPU
		{09D27F17-C9F4-4952-B4C2-56528F883DCD}.Release|Any CPU.ActiveCfg = Release|Any CPU
		{09D27F17-C9F4-4952-B4C2-56528F883DCD}.Release|Any CPU.Build.0 = Release|Any CPU
		{2CAE08B4-9F73-41CC-88A1-20F3BB860C5B}.Debug|Any CPU.ActiveCfg = Debug|Any CPU
		{2CAE08B4-9F73-41CC-88A1-20F3BB860C5B}.Debug|Any CPU.Build.0 = Debug|Any CPU
		{2CAE08B4-9F73-41CC-88A1-20F3BB860C5B}.Release|Any CPU.ActiveCfg = Release|Any CPU
		{2CAE08B4-9F73-41CC-88A1-20F3BB860C5B}.Release|Any CPU.Build.0 = Release|Any CPU
		{C6E00B8F-98C3-4136-92E3-B59273F0C90F}.Debug|Any CPU.ActiveCfg = Debug|Any CPU
		{C6E00B8F-98C3-4136-92E3-B59273F0C90F}.Debug|Any CPU.Build.0 = Debug|Any CPU
		{C6E00B8F-98C3-4136-92E3-B59273F0C90F}.Release|Any CPU.ActiveCfg = Release|Any CPU
		{C6E00B8F-98C3-4136-92E3-B59273F0C90F}.Release|Any CPU.Build.0 = Release|Any CPU
		{F4F296DC-71DB-4854-A4A2-4BA0B94BB074}.Debug|Any CPU.ActiveCfg = Debug|Any CPU
		{F4F296DC-71DB-4854-A4A2-4BA0B94BB074}.Debug|Any CPU.Build.0 = Debug|Any CPU
		{F4F296DC-71DB-4854-A4A2-4BA0B94BB074}.Release|Any CPU.ActiveCfg = Release|Any CPU
		{F4F296DC-71DB-4854-A4A2-4BA0B94BB074}.Release|Any CPU.Build.0 = Release|Any CPU
		{9C37B87F-8C6A-45CA-985A-49A39AE01FE3}.Debug|Any CPU.ActiveCfg = Debug|Any CPU
		{9C37B87F-8C6A-45CA-985A-49A39AE01FE3}.Debug|Any CPU.Build.0 = Debug|Any CPU
		{9C37B87F-8C6A-45CA-985A-49A39AE01FE3}.Release|Any CPU.ActiveCfg = Release|Any CPU
		{9C37B87F-8C6A-45CA-985A-49A39AE01FE3}.Release|Any CPU.Build.0 = Release|Any CPU
		{75F1C5C8-605C-4F53-9E49-E7FC62FD339A}.Debug|Any CPU.ActiveCfg = Debug|Any CPU
		{75F1C5C8-605C-4F53-9E49-E7FC62FD339A}.Debug|Any CPU.Build.0 = Debug|Any CPU
		{75F1C5C8-605C-4F53-9E49-E7FC62FD339A}.Release|Any CPU.ActiveCfg = Release|Any CPU
		{75F1C5C8-605C-4F53-9E49-E7FC62FD339A}.Release|Any CPU.Build.0 = Release|Any CPU
		{BED640C1-5FDF-4BF7-9E09-3DA60BB11120}.Debug|Any CPU.ActiveCfg = Debug|Any CPU
		{BED640C1-5FDF-4BF7-9E09-3DA60BB11120}.Debug|Any CPU.Build.0 = Debug|Any CPU
		{BED640C1-5FDF-4BF7-9E09-3DA60BB11120}.Release|Any CPU.ActiveCfg = Release|Any CPU
		{BED640C1-5FDF-4BF7-9E09-3DA60BB11120}.Release|Any CPU.Build.0 = Release|Any CPU
	EndGlobalSection
	GlobalSection(SolutionProperties) = preSolution
		HideSolutionNode = FALSE
	EndGlobalSection
	GlobalSection(NestedProjects) = preSolution
		{09D27F17-C9F4-4952-B4C2-56528F883DCD} = {DBBFC5BF-6644-418E-9C56-F1B75C25C293}
		{F4F296DC-71DB-4854-A4A2-4BA0B94BB074} = {DBBFC5BF-6644-418E-9C56-F1B75C25C293}
		{9C37B87F-8C6A-45CA-985A-49A39AE01FE3} = {DBBFC5BF-6644-418E-9C56-F1B75C25C293}
		{75F1C5C8-605C-4F53-9E49-E7FC62FD339A} = {DBBFC5BF-6644-418E-9C56-F1B75C25C293}
		{BED640C1-5FDF-4BF7-9E09-3DA60BB11120} = {02EA681E-C7D8-13C7-8484-4AC65E1B71E8}
	EndGlobalSection
	GlobalSection(ExtensibilityGlobals) = postSolution
		SolutionGuid = {E668FBD9-CD19-4583-A5C4-D1878DAD3E1E}
	EndGlobalSection
EndGlobal
